<?xml version="1.0" encoding="utf-8"?>
<Project ToolsVersion="4.0" xmlns="http://schemas.microsoft.com/developer/msbuild/2003">
  <ItemGroup>
    <Filter Include="Source Files">
      <UniqueIdentifier>{4FC737F1-C7A5-4376-A066-2A32D752A2FF}</UniqueIdentifier>
      <Extensions>cpp;c;cc;cxx;c++;cppm;ixx;def;odl;idl;hpj;bat;asm;asmx</Extensions>
    </Filter>
    <Filter Include="Header Files">
      <UniqueIdentifier>{93995380-89BD-4b04-88EB-625FBE52EBFB}</UniqueIdentifier>
      <Extensions>h;hh;hpp;hxx;h++;hm;inl;inc;ipp;xsd</Extensions>
    </Filter>
    <Filter Include="Source Files\font">
      <UniqueIdentifier>{b3887131-9563-47c8-baee-06194d51e7e0}</UniqueIdentifier>
    </Filter>
    <Filter Include="Header Files\util">
      <UniqueIdentifier>{9ea124f5-8a27-400f-9fef-22366a722ce0}</UniqueIdentifier>
    </Filter>
    <Filter Include="Source Files\util">
      <UniqueIdentifier>{5afbed9b-3f29-4aee-bd1e-3710ccb2700c}</UniqueIdentifier>
    </Filter>
    <Filter Include="Header Files\world">
      <UniqueIdentifier>{0de2b43f-271c-4749-914c-331acf078574}</UniqueIdentifier>
    </Filter>
    <Filter Include="Source Files\world">
      <UniqueIdentifier>{7eef8de3-b96c-453d-90e1-f26d01998ec1}</UniqueIdentifier>
    </Filter>
    <Filter Include="Source Files\world\skybox">
      <UniqueIdentifier>{c2ab6cda-8611-4472-b183-a12b7a6e8ee2}</UniqueIdentifier>
    </Filter>
    <Filter Include="Source Files\world\terrain">
      <UniqueIdentifier>{0c59a444-28cc-4888-a926-4f0ecd450785}</UniqueIdentifier>
    </Filter>
    <Filter Include="Header Files\gameobject">
      <UniqueIdentifier>{38d2ab40-16a7-45e0-ae73-b9df46f71c01}</UniqueIdentifier>
    </Filter>
    <Filter Include="Source Files\gameobject">
      <UniqueIdentifier>{821809e0-e3f2-498e-88ce-8b857a7ecf7b}</UniqueIdentifier>
    </Filter>
    <Filter Include="Header Files\gameobject\models">
      <UniqueIdentifier>{36ca2889-c119-4616-b919-f853fff716f4}</UniqueIdentifier>
    </Filter>
    <Filter Include="Source Files\gameobject\models">
      <UniqueIdentifier>{61cd2a3f-a990-4aed-a609-bc298095cf83}</UniqueIdentifier>
    </Filter>
    <Filter Include="Header Files\gameobject\primitives">
      <UniqueIdentifier>{4082ba05-4465-49d1-90be-b3c934100232}</UniqueIdentifier>
    </Filter>
    <Filter Include="Source Files\gameobject\primitives">
      <UniqueIdentifier>{247f3bdd-06de-4285-9dc8-f11deaaa3405}</UniqueIdentifier>
    </Filter>
    <Filter Include="Source Files\world\sun">
      <UniqueIdentifier>{776261a4-4faf-4fe5-9991-14a96e853a6d}</UniqueIdentifier>
    </Filter>
    <Filter Include="Header Files\postprocessing">
      <UniqueIdentifier>{8dc817fa-cbf2-4f5f-a072-4c2429eb0b10}</UniqueIdentifier>
    </Filter>
    <Filter Include="Source Files\postprocessing">
      <UniqueIdentifier>{c99863bc-99fe-4e76-8664-b3237c2a86b9}</UniqueIdentifier>
    </Filter>
    <Filter Include="Header Files\game">
      <UniqueIdentifier>{f0b3096b-1484-48a6-b21a-a2b69ea6f856}</UniqueIdentifier>
    </Filter>
    <Filter Include="Source Files\game">
      <UniqueIdentifier>{17441d32-783d-468a-93ad-f553d34369e1}</UniqueIdentifier>
    </Filter>
    <Filter Include="Source Files\camera">
      <UniqueIdentifier>{892ed730-c4fe-4b62-bc13-c70422c4338c}</UniqueIdentifier>
    </Filter>
    <Filter Include="Header Files\camera">
      <UniqueIdentifier>{5247ade8-031f-4007-9e07-f3f91790c1bb}</UniqueIdentifier>
    </Filter>
    <Filter Include="Header Files\UI">
      <UniqueIdentifier>{17390806-755f-4fcf-9e5a-0239451d0d00}</UniqueIdentifier>
    </Filter>
    <Filter Include="Source Files\UI">
      <UniqueIdentifier>{784b39e3-b233-4abd-9a7d-9c821743577c}</UniqueIdentifier>
    </Filter>
    <Filter Include="Header Files\gameobject\particles">
      <UniqueIdentifier>{8b69b9d5-0fd4-48c4-9790-e5ca5119e13b}</UniqueIdentifier>
    </Filter>
    <Filter Include="Source Files\gameobject\particles">
      <UniqueIdentifier>{5b0ba139-a346-44bc-bbcd-6e5ab1dbd0c9}</UniqueIdentifier>
    </Filter>
    <Filter Include="Header Files\contracts">
      <UniqueIdentifier>{cb0ea58f-2005-4fce-853d-2c8d072f81a6}</UniqueIdentifier>
    </Filter>
    <Filter Include="Resource Files">
      <UniqueIdentifier>{67DA6AB6-F800-4c08-8B7A-83BB121AAD01}</UniqueIdentifier>
      <Extensions>rc;ico;cur;bmp;dlg;rc2;rct;bin;rgs;gif;jpg;jpeg;jpe;resx;tiff;tif;png;wav;mfcribbon-ms</Extensions>
    </Filter>
  </ItemGroup>
  <ItemGroup>
    <ClCompile Include="..\..\glad\src\glad.c">
      <Filter>Source Files</Filter>
    </ClCompile>
    <ClCompile Include="Shader.cpp">
      <Filter>Source Files</Filter>
    </ClCompile>
    <ClCompile Include="main.cpp">
      <Filter>Source Files</Filter>
    </ClCompile>
    <ClCompile Include="Font.cpp">
      <Filter>Source Files\font</Filter>
    </ClCompile>
    <ClCompile Include="Terrain.cpp">
      <Filter>Source Files\world\terrain</Filter>
    </ClCompile>
    <ClCompile Include="Skybox.cpp">
      <Filter>Source Files\world\skybox</Filter>
    </ClCompile>
    <ClCompile Include="ResourceUtils.cpp">
      <Filter>Source Files</Filter>
    </ClCompile>
    <ClCompile Include="Mesh.cpp">
      <Filter>Source Files\gameobject\models</Filter>
    </ClCompile>
    <ClCompile Include="Model.cpp">
      <Filter>Source Files\gameobject\models</Filter>
    </ClCompile>
    <ClCompile Include="PlayerCamera.cpp">
      <Filter>Source Files\camera</Filter>
    </ClCompile>
    <ClCompile Include="Camera.cpp">
      <Filter>Source Files\camera</Filter>
    </ClCompile>
    <ClCompile Include="ErrorUtils.cpp">
      <Filter>Source Files\util</Filter>
    </ClCompile>
    <ClCompile Include="FileUtils.cpp">
      <Filter>Source Files\util</Filter>
    </ClCompile>
    <ClCompile Include="CameraManager.cpp">
      <Filter>Source Files\camera</Filter>
    </ClCompile>
    <ClCompile Include="RenderableGameObject.cpp">
      <Filter>Source Files\gameobject</Filter>
    </ClCompile>
    <ClCompile Include="SphericalBoxedGameObject.cpp">
      <Filter>Source Files\gameobject</Filter>
    </ClCompile>
    <ClCompile Include="Sphere.cpp">
      <Filter>Source Files\gameobject\primitives</Filter>
    </ClCompile>
    <ClCompile Include="Sun.cpp">
      <Filter>Source Files\world\sun</Filter>
    </ClCompile>
    <ClCompile Include="DistanceFieldPostProcessor.cpp">
      <Filter>Source Files\postprocessing</Filter>
    </ClCompile>
    <ClCompile Include="Quad.cpp">
      <Filter>Source Files\postprocessing</Filter>
    </ClCompile>
    <ClCompile Include="PlayerState.cpp">
      <Filter>Source Files\game</Filter>
    </ClCompile>
    <ClCompile Include="CarriedGameObject.cpp">
      <Filter>Source Files\game</Filter>
    </ClCompile>
    <ClCompile Include="CameraUtils.cpp">
      <Filter>Source Files\camera</Filter>
    </ClCompile>
    <ClCompile Include="UITextRenderer.cpp">
      <Filter>Source Files\UI</Filter>
    </ClCompile>
    <ClCompile Include="NomadCharacter.cpp">
      <Filter>Source Files\game</Filter>
    </ClCompile>
    <ClCompile Include="MathConversionUtil.cpp">
      <Filter>Source Files\util</Filter>
    </ClCompile>
    <ClCompile Include="Bone.cpp">
      <Filter>Source Files\gameobject\models</Filter>
    </ClCompile>
    <ClCompile Include="Animation.cpp">
      <Filter>Source Files\gameobject\models</Filter>
    </ClCompile>
    <ClCompile Include="Animator.cpp">
      <Filter>Source Files\gameobject\models</Filter>
    </ClCompile>
    <ClCompile Include="AnimationSet.cpp">
      <Filter>Source Files\gameobject\models</Filter>
    </ClCompile>
    <ClCompile Include="Thumper.cpp">
      <Filter>Source Files\game</Filter>
    </ClCompile>
    <ClCompile Include="AnimatedEntity.cpp">
      <Filter>Source Files\game</Filter>
    </ClCompile>
    <ClCompile Include="SandWormCharacter.cpp">
      <Filter>Source Files\game</Filter>
    </ClCompile>
    <ClCompile Include="ParticleSystem.cpp">
      <Filter>Source Files\gameobject\particles</Filter>
    </ClCompile>
    <ClCompile Include="OrnithopterCharacter.cpp">
      <Filter>Source Files\game</Filter>
    </ClCompile>
    <ClCompile Include="WorldTimeManager.cpp">
      <Filter>Source Files</Filter>
    </ClCompile>
    <ClCompile Include="PlayerInteractionManger.cpp">
      <Filter>Source Files\game</Filter>
    </ClCompile>
    <ClCompile Include="SoundManager.cpp">
      <Filter>Source Files</Filter>
    </ClCompile>
  </ItemGroup>
  <ItemGroup>
    <None Include=".gitignore" />
    <None Include="font.frag">
      <Filter>Source Files\font</Filter>
    </None>
    <None Include="font.vert">
      <Filter>Source Files\font</Filter>
    </None>
    <None Include="terrain.vert">
      <Filter>Source Files\world\terrain</Filter>
    </None>
    <None Include="terrain.frag">
      <Filter>Source Files\world\terrain</Filter>
    </None>
    <None Include="skybox.frag">
      <Filter>Source Files\world\skybox</Filter>
    </None>
    <None Include="skybox.vert">
      <Filter>Source Files\world\skybox</Filter>
    </None>
    <None Include="basic.frag">
      <Filter>Source Files\gameobject\models</Filter>
    </None>
    <None Include="basic.vert">
      <Filter>Source Files\gameobject\models</Filter>
    </None>
    <None Include="mesh.vert">
      <Filter>Source Files\gameobject\models</Filter>
    </None>
    <None Include="mesh.frag">
      <Filter>Source Files\gameobject\models</Filter>
    </None>
    <None Include="shader_lightsource.frag">
      <Filter>Source Files\world\sun</Filter>
    </None>
    <None Include="shader_lightsource.vert">
      <Filter>Source Files\world\sun</Filter>
    </None>
    <None Include="masking.vert">
      <Filter>Source Files\postprocessing</Filter>
    </None>
    <None Include="masking.frag">
      <Filter>Source Files\postprocessing</Filter>
    </None>
    <None Include="justrenderthe2dtex.vert">
      <Filter>Source Files\postprocessing</Filter>
    </None>
    <None Include="justrenderthe2dtex.frag">
      <Filter>Source Files\postprocessing</Filter>
    </None>
    <None Include="jfa_init.frag">
      <Filter>Source Files\postprocessing</Filter>
    </None>
    <None Include="jfa_algo.frag">
      <Filter>Source Files\postprocessing</Filter>
    </None>
    <None Include="jfa.vert">
      <Filter>Source Files\postprocessing</Filter>
    </None>
    <None Include="distancefield.frag">
      <Filter>Source Files\postprocessing</Filter>
    </None>
    <None Include="particles.vert">
      <Filter>Source Files\gameobject\particles</Filter>
    </None>
    <None Include="particles.frag">
      <Filter>Source Files\gameobject\particles</Filter>
    </None>
  </ItemGroup>
  <ItemGroup>
    <ClInclude Include="Shader.h">
      <Filter>Header Files</Filter>
    </ClInclude>
    <ClInclude Include="stb_image.h">
      <Filter>Header Files</Filter>
    </ClInclude>
    <ClInclude Include="Font.h">
      <Filter>Header Files</Filter>
    </ClInclude>
    <ClInclude Include="Colors.h">
      <Filter>Header Files</Filter>
    </ClInclude>
    <ClInclude Include="ResourceUtils.h">
      <Filter>Header Files</Filter>
    </ClInclude>
    <ClInclude Include="Model.h">
      <Filter>Header Files\gameobject\models</Filter>
    </ClInclude>
    <ClInclude Include="Mesh.h">
      <Filter>Header Files\gameobject\models</Filter>
    </ClInclude>
    <ClInclude Include="Camera.h">
      <Filter>Header Files\camera</Filter>
    </ClInclude>
    <ClInclude Include="PlayerCamera.h">
      <Filter>Header Files\camera</Filter>
    </ClInclude>
    <ClInclude Include="ErrorUtils.h">
      <Filter>Header Files\util</Filter>
    </ClInclude>
    <ClInclude Include="FileUtils.h">
      <Filter>Header Files\util</Filter>
    </ClInclude>
    <ClInclude Include="Skybox.h">
      <Filter>Header Files\world</Filter>
    </ClInclude>
    <ClInclude Include="Terrain.h">
      <Filter>Header Files\world</Filter>
    </ClInclude>
    <ClInclude Include="CameraManager.h">
      <Filter>Header Files\camera</Filter>
    </ClInclude>
    <ClInclude Include="RenderableGameObject.h">
      <Filter>Header Files\gameobject</Filter>
    </ClInclude>
    <ClInclude Include="SphericalBoxedGameObject.h">
      <Filter>Header Files\gameobject</Filter>
    </ClInclude>
    <ClInclude Include="Sphere.h">
      <Filter>Header Files\gameobject\primitives</Filter>
    </ClInclude>
    <ClInclude Include="Vertex.h">
      <Filter>Header Files\gameobject</Filter>
    </ClInclude>
    <ClInclude Include="WorldMathUtils.h">
      <Filter>Header Files\util</Filter>
    </ClInclude>
    <ClInclude Include="Sun.h">
      <Filter>Header Files\world</Filter>
    </ClInclude>
    <ClInclude Include="DistanceFieldPostProcessor.h">
      <Filter>Header Files\postprocessing</Filter>
    </ClInclude>
    <ClInclude Include="FileConstants.h">
      <Filter>Header Files</Filter>
    </ClInclude>
    <ClInclude Include="Quad.h">
      <Filter>Header Files\postprocessing</Filter>
    </ClInclude>
    <ClInclude Include="PlayerState.h">
      <Filter>Header Files\game</Filter>
    </ClInclude>
    <ClInclude Include="CarriedGameObject.h">
      <Filter>Header Files\game</Filter>
    </ClInclude>
    <ClInclude Include="CameraUtils.h">
      <Filter>Header Files\camera</Filter>
    </ClInclude>
    <ClInclude Include="UITextRenderer.h">
      <Filter>Header Files\UI</Filter>
    </ClInclude>
    <ClInclude Include="GameObjectConstants.h">
      <Filter>Header Files</Filter>
    </ClInclude>
    <ClInclude Include="NomadCharacter.h">
      <Filter>Header Files\game</Filter>
    </ClInclude>
    <ClInclude Include="WorldTimeManager.h">
      <Filter>Header Files</Filter>
    </ClInclude>
    <ClInclude Include="jfa_algo_old.frag">
      <Filter>Source Files\postprocessing</Filter>
    </ClInclude>
    <ClInclude Include="MathConversionUtil.h">
      <Filter>Header Files\util</Filter>
    </ClInclude>
    <ClInclude Include="Bone.h">
      <Filter>Header Files\gameobject\models</Filter>
    </ClInclude>
    <ClInclude Include="Animation.h">
      <Filter>Header Files\gameobject\models</Filter>
    </ClInclude>
    <ClInclude Include="Animator.h">
      <Filter>Header Files\gameobject\models</Filter>
    </ClInclude>
    <ClInclude Include="AnimationSet.h">
      <Filter>Header Files\gameobject\models</Filter>
    </ClInclude>
    <ClInclude Include="AssimpNode.h">
      <Filter>Header Files\gameobject\models</Filter>
    </ClInclude>
    <ClInclude Include="Thumper.h">
      <Filter>Header Files\game</Filter>
    </ClInclude>
    <ClInclude Include="AnimatedEntity.h">
      <Filter>Header Files\game</Filter>
    </ClInclude>
    <ClInclude Include="SphericalBoundingBoxedEntity.h">
      <Filter>Header Files\game</Filter>
    </ClInclude>
    <ClInclude Include="SandWormCharacter.h">
      <Filter>Header Files\game</Filter>
    </ClInclude>
    <ClInclude Include="Particle.h">
      <Filter>Header Files\gameobject\particles</Filter>
    </ClInclude>
    <ClInclude Include="ParticleSystem.h">
      <Filter>Header Files\gameobject\particles</Filter>
    </ClInclude>
    <ClInclude Include="OrnithopterCharacter.h">
      <Filter>Header Files\game</Filter>
    </ClInclude>
    <ClInclude Include="EffectConstants.h">
      <Filter>Header Files\game</Filter>
    </ClInclude>
    <ClInclude Include="PlayerInteractionManger.h">
      <Filter>Header Files\game</Filter>
    </ClInclude>
    <ClInclude Include="FrameRequester.h">
      <Filter>Header Files\contracts</Filter>
    </ClInclude>
    <ClInclude Include="SoundManager.h">
      <Filter>Header Files</Filter>
    </ClInclude>
    <ClInclude Include="PlayerCameraEventSubscriber.h">
      <Filter>Header Files\camera</Filter>
    </ClInclude>
    <ClInclude Include="ConfigConstants.h">
      <Filter>Header Files</Filter>
    </ClInclude>
    <ClInclude Include="UICharacterDialogueDisplayManager.h">
      <Filter>Header Files\UI</Filter>
    </ClInclude>
    <ClInclude Include="DialogueRequester.h">
      <Filter>Header Files\UI</Filter>
    </ClInclude>
  </ItemGroup>
  <ItemGroup>
    <Image Include="container.jpg">
      <Filter>Resource Files</Filter>
    </Image>
    <Image Include="wall.jpg">
      <Filter>Resource Files</Filter>
    </Image>
    <Image Include="awesomeface.png">
      <Filter>Resource Files</Filter>
    </Image>
    <Image Include="iceland_heightmap.png">
      <Filter>Resource Files</Filter>
    </Image>
    <Image Include="resources\perlin-noise-texture.png">
      <Filter>Resource Files</Filter>
    </Image>
  </ItemGroup>
  <ItemGroup>
    <Font Include="resources\calibri.ttf">
      <Filter>Resource Files</Filter>
    </Font>
  </ItemGroup>
</Project>