<?xml version="1.0" encoding="utf-8"?>
<Project ToolsVersion="4.0" xmlns="http://schemas.microsoft.com/developer/msbuild/2003">
  <ItemGroup>
    <Filter Include="Source Files">
      <UniqueIdentifier>{4FC737F1-C7A5-4376-A066-2A32D752A2FF}</UniqueIdentifier>
      <Extensions>cpp;c;cc;cxx;c++;cppm;ixx;def;odl;idl;hpj;bat;asm;asmx</Extensions>
    </Filter>
    <Filter Include="Header Files">
      <UniqueIdentifier>{93995380-89BD-4b04-88EB-625FBE52EBFB}</UniqueIdentifier>
      <Extensions>h;hh;hpp;hxx;h++;hm;inl;inc;ipp;xsd</Extensions>
    </Filter>
    <Filter Include="Resource Files">
      <UniqueIdentifier>{67DA6AB6-F800-4c08-8B7A-83BB121AAD01}</UniqueIdentifier>
      <Extensions>rc;ico;cur;bmp;dlg;rc2;rct;bin;rgs;gif;jpg;jpeg;jpe;resx;tiff;tif;png;wav;mfcribbon-ms</Extensions>
    </Filter>
    <Filter Include="Source Files\font">
      <UniqueIdentifier>{b3887131-9563-47c8-baee-06194d51e7e0}</UniqueIdentifier>
    </Filter>
    <Filter Include="Source Files\old">
      <UniqueIdentifier>{953c52c2-a835-42b5-808e-ec89d3e80314}</UniqueIdentifier>
    </Filter>
    <Filter Include="Source Files\terrain">
      <UniqueIdentifier>{0c59a444-28cc-4888-a926-4f0ecd450785}</UniqueIdentifier>
    </Filter>
    <Filter Include="Header Files\old">
      <UniqueIdentifier>{de164cc7-a357-4d3f-97b8-39093fb08e79}</UniqueIdentifier>
    </Filter>
    <Filter Include="Source Files\skybox">
      <UniqueIdentifier>{c2ab6cda-8611-4472-b183-a12b7a6e8ee2}</UniqueIdentifier>
    </Filter>
  </ItemGroup>
  <ItemGroup>
    <ClCompile Include="..\..\glad\src\glad.c">
      <Filter>Source Files</Filter>
    </ClCompile>
    <ClCompile Include="Shader.cpp">
      <Filter>Source Files</Filter>
    </ClCompile>
    <ClCompile Include="main.cpp">
      <Filter>Source Files</Filter>
    </ClCompile>
    <ClCompile Include="ErrorUtils.cpp">
      <Filter>Source Files</Filter>
    </ClCompile>
    <ClCompile Include="Camera.cpp">
      <Filter>Source Files</Filter>
    </ClCompile>
    <ClCompile Include="Font.cpp">
      <Filter>Source Files\font</Filter>
    </ClCompile>
    <ClCompile Include="main_light.cpp">
      <Filter>Source Files\old</Filter>
    </ClCompile>
    <ClCompile Include="main_basic.cpp">
      <Filter>Source Files\old</Filter>
    </ClCompile>
    <ClCompile Include="Terrain.cpp">
      <Filter>Source Files\terrain</Filter>
    </ClCompile>
    <ClCompile Include="Skybox.cpp">
      <Filter>Source Files\skybox</Filter>
    </ClCompile>
    <ClCompile Include="ResourceUtils.cpp">
      <Filter>Source Files</Filter>
    </ClCompile>
  </ItemGroup>
  <ItemGroup>
    <None Include=".gitignore" />
    <None Include="font.frag">
      <Filter>Source Files\font</Filter>
    </None>
    <None Include="font.vert">
      <Filter>Source Files\font</Filter>
    </None>
    <None Include="shader_lightsource.vert">
      <Filter>Source Files\old</Filter>
    </None>
    <None Include="shader_lightsource.frag">
      <Filter>Source Files\old</Filter>
    </None>
    <None Include="shader2.vert">
      <Filter>Source Files\old</Filter>
    </None>
    <None Include="shader2.frag">
      <Filter>Source Files\old</Filter>
    </None>
    <None Include="shader1.vert">
      <Filter>Source Files\old</Filter>
    </None>
    <None Include="shader1.frag">
      <Filter>Source Files\old</Filter>
    </None>
    <None Include="terrain.vert">
      <Filter>Source Files\terrain</Filter>
    </None>
    <None Include="terrain.frag">
      <Filter>Source Files\terrain</Filter>
    </None>
    <None Include="skybox.frag">
      <Filter>Source Files\skybox</Filter>
    </None>
    <None Include="skybox.vert">
      <Filter>Source Files\skybox</Filter>
    </None>
  </ItemGroup>
  <ItemGroup>
    <ClInclude Include="Shader.h">
      <Filter>Header Files</Filter>
    </ClInclude>
    <ClInclude Include="stb_image.h">
      <Filter>Header Files</Filter>
    </ClInclude>
    <ClInclude Include="Font.h">
      <Filter>Header Files</Filter>
    </ClInclude>
    <ClInclude Include="ErrorUtils.h">
      <Filter>Header Files</Filter>
    </ClInclude>
    <ClInclude Include="Colors.h">
      <Filter>Header Files</Filter>
    </ClInclude>
    <ClInclude Include="Terrain.h">
      <Filter>Header Files</Filter>
    </ClInclude>
    <ClInclude Include="Camera.h">
      <Filter>Header Files</Filter>
    </ClInclude>
    <ClInclude Include="Skybox.h">
      <Filter>Header Files</Filter>
    </ClInclude>
    <ClInclude Include="camera_m.h">
      <Filter>Header Files\old</Filter>
    </ClInclude>
    <ClInclude Include="shader_m.h">
      <Filter>Header Files\old</Filter>
    </ClInclude>
    <ClInclude Include="ResourceUtils.h">
      <Filter>Header Files</Filter>
    </ClInclude>
  </ItemGroup>
  <ItemGroup>
    <Image Include="container.jpg">
      <Filter>Resource Files</Filter>
    </Image>
    <Image Include="wall.jpg">
      <Filter>Resource Files</Filter>
    </Image>
    <Image Include="awesomeface.png">
      <Filter>Resource Files</Filter>
    </Image>
    <Image Include="iceland_heightmap.png">
      <Filter>Resource Files</Filter>
    </Image>
    <Image Include="resources\perlin-noise-texture.png">
      <Filter>Resource Files</Filter>
    </Image>
  </ItemGroup>
  <ItemGroup>
    <Font Include="resources\calibri.ttf">
      <Filter>Resource Files</Filter>
    </Font>
  </ItemGroup>
</Project>